// !$*UTF8*$!
{
	archiveVersion = 1;
	classes = {
	};
	objectVersion = 50;
	objects = {

/* Begin PBXBuildFile section */
		E129506824910FAE008E8B05 /* AppDelegate.swift in Sources */ = {isa = PBXBuildFile; fileRef = E129506724910FAE008E8B05 /* AppDelegate.swift */; };
		E129506A24910FAE008E8B05 /* GameScene.sks in Resources */ = {isa = PBXBuildFile; fileRef = E129506924910FAE008E8B05 /* GameScene.sks */; };
		E129506E24910FAE008E8B05 /* GameScene.swift in Sources */ = {isa = PBXBuildFile; fileRef = E129506D24910FAE008E8B05 /* GameScene.swift */; };
		E129507024910FAE008E8B05 /* GameViewController.swift in Sources */ = {isa = PBXBuildFile; fileRef = E129506F24910FAE008E8B05 /* GameViewController.swift */; };
		E129507324910FAE008E8B05 /* Main.storyboard in Resources */ = {isa = PBXBuildFile; fileRef = E129507124910FAE008E8B05 /* Main.storyboard */; };
		E129507524910FB0008E8B05 /* Assets.xcassets in Resources */ = {isa = PBXBuildFile; fileRef = E129507424910FB0008E8B05 /* Assets.xcassets */; };
		E129507824910FB0008E8B05 /* LaunchScreen.storyboard in Resources */ = {isa = PBXBuildFile; fileRef = E129507624910FB0008E8B05 /* LaunchScreen.storyboard */; };
		E129511124917DF2008E8B05 /* victory.aac in Resources */ = {isa = PBXBuildFile; fileRef = E129510B24917DF2008E8B05 /* victory.aac */; };
		E129511224917DF2008E8B05 /* woosh.aac in Resources */ = {isa = PBXBuildFile; fileRef = E129510C24917DF2008E8B05 /* woosh.aac */; };
		E129511324917DF2008E8B05 /* bubble_pop.aac in Resources */ = {isa = PBXBuildFile; fileRef = E129510D24917DF2008E8B05 /* bubble_pop.aac */; };
		E129511424917DF2008E8B05 /* error.aac in Resources */ = {isa = PBXBuildFile; fileRef = E129510E24917DF2008E8B05 /* error.aac */; };
		E129511724917E02008E8B05 /* SpinWheel.swift in Sources */ = {isa = PBXBuildFile; fileRef = E129511624917E02008E8B05 /* SpinWheel.swift */; };
		E129511C24917E1F008E8B05 /* PushButton.swift in Sources */ = {isa = PBXBuildFile; fileRef = E129511924917E1F008E8B05 /* PushButton.swift */; };
		E129511D24917E1F008E8B05 /* Settings.swift in Sources */ = {isa = PBXBuildFile; fileRef = E129511A24917E1F008E8B05 /* Settings.swift */; };
		E129511E24917E1F008E8B05 /* CGFloat+Extensions.swift in Sources */ = {isa = PBXBuildFile; fileRef = E129511B24917E1F008E8B05 /* CGFloat+Extensions.swift */; };
		E129512324917E3A008E8B05 /* Context Rounded Black SSi Black.ttf in Resources */ = {isa = PBXBuildFile; fileRef = E129512124917E3A008E8B05 /* Context Rounded Black SSi Black.ttf */; };
		E1EF1D1B2494C18100CBEB0E /* CollectionViewCell.swift in Sources */ = {isa = PBXBuildFile; fileRef = E1EF1D192494C18100CBEB0E /* CollectionViewCell.swift */; };
		E1EF1D1C2494C18100CBEB0E /* CollectionViewCell.xib in Resources */ = {isa = PBXBuildFile; fileRef = E1EF1D1A2494C18100CBEB0E /* CollectionViewCell.xib */; };
		E1EF1D1F2494D3F800CBEB0E /* ShopViewController.swift in Sources */ = {isa = PBXBuildFile; fileRef = E1EF1D1D2494D3F800CBEB0E /* ShopViewController.swift */; };
		E1EF1D202494D3F800CBEB0E /* ShopViewController.xib in Resources */ = {isa = PBXBuildFile; fileRef = E1EF1D1E2494D3F800CBEB0E /* ShopViewController.xib */; };
		E1EF1D222494D8DB00CBEB0E /* Insurance.swift in Sources */ = {isa = PBXBuildFile; fileRef = E1EF1D212494D8DB00CBEB0E /* Insurance.swift */; };
		E1EF1D252494DAE600CBEB0E /* InsuranceTableViewCell.swift in Sources */ = {isa = PBXBuildFile; fileRef = E1EF1D232494DAE600CBEB0E /* InsuranceTableViewCell.swift */; };
		E1EF1D262494DAE600CBEB0E /* InsuranceTableViewCell.xib in Resources */ = {isa = PBXBuildFile; fileRef = E1EF1D242494DAE600CBEB0E /* InsuranceTableViewCell.xib */; };
		E1EF1D292494E4E200CBEB0E /* PlayerViewController.swift in Sources */ = {isa = PBXBuildFile; fileRef = E1EF1D272494E4E200CBEB0E /* PlayerViewController.swift */; };
		E1EF1D2A2494E4E200CBEB0E /* PlayerViewController.xib in Resources */ = {isa = PBXBuildFile; fileRef = E1EF1D282494E4E200CBEB0E /* PlayerViewController.xib */; };
		E1EF1D312494F70500CBEB0E /* player.swift in Sources */ = {isa = PBXBuildFile; fileRef = E1EF1D302494F70500CBEB0E /* player.swift */; };
		EB1E7D2A24978E4600EC0B05 /* Job.swift in Sources */ = {isa = PBXBuildFile; fileRef = EB1E7D2924978E4600EC0B05 /* Job.swift */; };
		EB1E7D2C2497D38C00EC0B05 /* FinishViewController.swift in Sources */ = {isa = PBXBuildFile; fileRef = EB1E7D2B2497D38C00EC0B05 /* FinishViewController.swift */; };
		EB1E7D2E2497E2CC00EC0B05 /* FinishScreenStoryboard.storyboard in Resources */ = {isa = PBXBuildFile; fileRef = EB1E7D2D2497E2CC00EC0B05 /* FinishScreenStoryboard.storyboard */; };
		EB1E7D302497F6CA00EC0B05 /* FinishTableViewCell.swift in Sources */ = {isa = PBXBuildFile; fileRef = EB1E7D2F2497F6CA00EC0B05 /* FinishTableViewCell.swift */; };
		EB9E9FAA2496480200B45C26 /* StartScreenViewController.swift in Sources */ = {isa = PBXBuildFile; fileRef = EB9E9FA72496480200B45C26 /* StartScreenViewController.swift */; };
		EB9E9FAB2496480200B45C26 /* AddPlayerTableViewCell.swift in Sources */ = {isa = PBXBuildFile; fileRef = EB9E9FA82496480200B45C26 /* AddPlayerTableViewCell.swift */; };
		EB9E9FAC2496480200B45C26 /* AddPlayerViewController.swift in Sources */ = {isa = PBXBuildFile; fileRef = EB9E9FA92496480200B45C26 /* AddPlayerViewController.swift */; };
		EB9E9FAE2496482100B45C26 /* StartScreen.storyboard in Resources */ = {isa = PBXBuildFile; fileRef = EB9E9FAD2496482100B45C26 /* StartScreen.storyboard */; };
/* End PBXBuildFile section */

/* Begin PBXFileReference section */
		E129506424910FAE008E8B05 /* gameOfLife2d.app */ = {isa = PBXFileReference; explicitFileType = wrapper.application; includeInIndex = 0; path = gameOfLife2d.app; sourceTree = BUILT_PRODUCTS_DIR; };
		E129506724910FAE008E8B05 /* AppDelegate.swift */ = {isa = PBXFileReference; lastKnownFileType = sourcecode.swift; path = AppDelegate.swift; sourceTree = "<group>"; };
		E129506924910FAE008E8B05 /* GameScene.sks */ = {isa = PBXFileReference; lastKnownFileType = file.sks; path = GameScene.sks; sourceTree = "<group>"; };
		E129506D24910FAE008E8B05 /* GameScene.swift */ = {isa = PBXFileReference; lastKnownFileType = sourcecode.swift; path = GameScene.swift; sourceTree = "<group>"; };
		E129506F24910FAE008E8B05 /* GameViewController.swift */ = {isa = PBXFileReference; lastKnownFileType = sourcecode.swift; path = GameViewController.swift; sourceTree = "<group>"; };
		E129507224910FAE008E8B05 /* Base */ = {isa = PBXFileReference; lastKnownFileType = file.storyboard; name = Base; path = Base.lproj/Main.storyboard; sourceTree = "<group>"; };
		E129507424910FB0008E8B05 /* Assets.xcassets */ = {isa = PBXFileReference; lastKnownFileType = folder.assetcatalog; path = Assets.xcassets; sourceTree = "<group>"; };
		E129507724910FB0008E8B05 /* Base */ = {isa = PBXFileReference; lastKnownFileType = file.storyboard; name = Base; path = Base.lproj/LaunchScreen.storyboard; sourceTree = "<group>"; };
		E129507924910FB0008E8B05 /* Info.plist */ = {isa = PBXFileReference; lastKnownFileType = text.plist.xml; path = Info.plist; sourceTree = "<group>"; };
		E129510B24917DF2008E8B05 /* victory.aac */ = {isa = PBXFileReference; lastKnownFileType = file; path = victory.aac; sourceTree = "<group>"; };
		E129510C24917DF2008E8B05 /* woosh.aac */ = {isa = PBXFileReference; lastKnownFileType = file; path = woosh.aac; sourceTree = "<group>"; };
		E129510D24917DF2008E8B05 /* bubble_pop.aac */ = {isa = PBXFileReference; lastKnownFileType = file; path = bubble_pop.aac; sourceTree = "<group>"; };
		E129510E24917DF2008E8B05 /* error.aac */ = {isa = PBXFileReference; lastKnownFileType = file; path = error.aac; sourceTree = "<group>"; };
		E129511624917E02008E8B05 /* SpinWheel.swift */ = {isa = PBXFileReference; fileEncoding = 4; lastKnownFileType = sourcecode.swift; path = SpinWheel.swift; sourceTree = "<group>"; };
		E129511924917E1F008E8B05 /* PushButton.swift */ = {isa = PBXFileReference; fileEncoding = 4; lastKnownFileType = sourcecode.swift; path = PushButton.swift; sourceTree = "<group>"; };
		E129511A24917E1F008E8B05 /* Settings.swift */ = {isa = PBXFileReference; fileEncoding = 4; lastKnownFileType = sourcecode.swift; path = Settings.swift; sourceTree = "<group>"; };
		E129511B24917E1F008E8B05 /* CGFloat+Extensions.swift */ = {isa = PBXFileReference; fileEncoding = 4; lastKnownFileType = sourcecode.swift; path = "CGFloat+Extensions.swift"; sourceTree = "<group>"; };
		E129512124917E3A008E8B05 /* Context Rounded Black SSi Black.ttf */ = {isa = PBXFileReference; lastKnownFileType = file; path = "Context Rounded Black SSi Black.ttf"; sourceTree = "<group>"; };
		E1EF1D192494C18100CBEB0E /* CollectionViewCell.swift */ = {isa = PBXFileReference; lastKnownFileType = sourcecode.swift; path = CollectionViewCell.swift; sourceTree = "<group>"; };
		E1EF1D1A2494C18100CBEB0E /* CollectionViewCell.xib */ = {isa = PBXFileReference; lastKnownFileType = file.xib; path = CollectionViewCell.xib; sourceTree = "<group>"; };
		E1EF1D1D2494D3F800CBEB0E /* ShopViewController.swift */ = {isa = PBXFileReference; lastKnownFileType = sourcecode.swift; path = ShopViewController.swift; sourceTree = "<group>"; };
		E1EF1D1E2494D3F800CBEB0E /* ShopViewController.xib */ = {isa = PBXFileReference; lastKnownFileType = file.xib; path = ShopViewController.xib; sourceTree = "<group>"; };
		E1EF1D212494D8DB00CBEB0E /* Insurance.swift */ = {isa = PBXFileReference; lastKnownFileType = sourcecode.swift; path = Insurance.swift; sourceTree = "<group>"; };
		E1EF1D232494DAE600CBEB0E /* InsuranceTableViewCell.swift */ = {isa = PBXFileReference; lastKnownFileType = sourcecode.swift; path = InsuranceTableViewCell.swift; sourceTree = "<group>"; };
		E1EF1D242494DAE600CBEB0E /* InsuranceTableViewCell.xib */ = {isa = PBXFileReference; lastKnownFileType = file.xib; path = InsuranceTableViewCell.xib; sourceTree = "<group>"; };
		E1EF1D272494E4E200CBEB0E /* PlayerViewController.swift */ = {isa = PBXFileReference; lastKnownFileType = sourcecode.swift; path = PlayerViewController.swift; sourceTree = "<group>"; };
		E1EF1D282494E4E200CBEB0E /* PlayerViewController.xib */ = {isa = PBXFileReference; lastKnownFileType = file.xib; path = PlayerViewController.xib; sourceTree = "<group>"; };
		E1EF1D302494F70500CBEB0E /* player.swift */ = {isa = PBXFileReference; lastKnownFileType = sourcecode.swift; path = player.swift; sourceTree = "<group>"; };
		EB1E7D2924978E4600EC0B05 /* Job.swift */ = {isa = PBXFileReference; fileEncoding = 4; lastKnownFileType = sourcecode.swift; path = Job.swift; sourceTree = "<group>"; };
		EB1E7D2B2497D38C00EC0B05 /* FinishViewController.swift */ = {isa = PBXFileReference; lastKnownFileType = sourcecode.swift; path = FinishViewController.swift; sourceTree = "<group>"; };
		EB1E7D2D2497E2CC00EC0B05 /* FinishScreenStoryboard.storyboard */ = {isa = PBXFileReference; lastKnownFileType = file.storyboard; path = FinishScreenStoryboard.storyboard; sourceTree = "<group>"; };
		EB1E7D2F2497F6CA00EC0B05 /* FinishTableViewCell.swift */ = {isa = PBXFileReference; lastKnownFileType = sourcecode.swift; path = FinishTableViewCell.swift; sourceTree = "<group>"; };
		EB9E9FA72496480200B45C26 /* StartScreenViewController.swift */ = {isa = PBXFileReference; fileEncoding = 4; lastKnownFileType = sourcecode.swift; path = StartScreenViewController.swift; sourceTree = "<group>"; };
		EB9E9FA82496480200B45C26 /* AddPlayerTableViewCell.swift */ = {isa = PBXFileReference; fileEncoding = 4; lastKnownFileType = sourcecode.swift; path = AddPlayerTableViewCell.swift; sourceTree = "<group>"; };
		EB9E9FA92496480200B45C26 /* AddPlayerViewController.swift */ = {isa = PBXFileReference; fileEncoding = 4; lastKnownFileType = sourcecode.swift; path = AddPlayerViewController.swift; sourceTree = "<group>"; };
		EB9E9FAD2496482100B45C26 /* StartScreen.storyboard */ = {isa = PBXFileReference; fileEncoding = 4; lastKnownFileType = file.storyboard; path = StartScreen.storyboard; sourceTree = "<group>"; };
/* End PBXFileReference section */

/* Begin PBXFrameworksBuildPhase section */
		E129506124910FAE008E8B05 /* Frameworks */ = {
			isa = PBXFrameworksBuildPhase;
			buildActionMask = 2147483647;
			files = (
			);
			runOnlyForDeploymentPostprocessing = 0;
		};
/* End PBXFrameworksBuildPhase section */

/* Begin PBXGroup section */
		E129505B24910FAE008E8B05 = {
			isa = PBXGroup;
			children = (
				E129506624910FAE008E8B05 /* gameOfLife2d */,
				E129506524910FAE008E8B05 /* Products */,
			);
			sourceTree = "<group>";
		};
		E129506524910FAE008E8B05 /* Products */ = {
			isa = PBXGroup;
			children = (
				E129506424910FAE008E8B05 /* gameOfLife2d.app */,
			);
			name = Products;
			sourceTree = "<group>";
		};
		E129506624910FAE008E8B05 /* gameOfLife2d */ = {
			isa = PBXGroup;
			children = (
				E129512424918834008E8B05 /* spinnerWheel */,
				E129506724910FAE008E8B05 /* AppDelegate.swift */,
				E129506D24910FAE008E8B05 /* GameScene.swift */,
				E129507424910FB0008E8B05 /* Assets.xcassets */,
				E129507624910FB0008E8B05 /* LaunchScreen.storyboard */,
				E129507924910FB0008E8B05 /* Info.plist */,
				E1EF1D2B2494E6F800CBEB0E /* View */,
				E1EF1D2F2494E76900CBEB0E /* Model */,
				E1EF1D2E2494E74200CBEB0E /* Controller */,
			);
			path = gameOfLife2d;
			sourceTree = "<group>";
		};
		E129510A24917DF2008E8B05 /* Sounds */ = {
			isa = PBXGroup;
			children = (
				E129510B24917DF2008E8B05 /* victory.aac */,
				E129510C24917DF2008E8B05 /* woosh.aac */,
				E129510D24917DF2008E8B05 /* bubble_pop.aac */,
				E129510E24917DF2008E8B05 /* error.aac */,
			);
			path = Sounds;
			sourceTree = "<group>";
		};
		E129511524917E02008E8B05 /* Scenes */ = {
			isa = PBXGroup;
			children = (
				E129511624917E02008E8B05 /* SpinWheel.swift */,
			);
			path = Scenes;
			sourceTree = "<group>";
		};
		E129511824917E1F008E8B05 /* Utils */ = {
			isa = PBXGroup;
			children = (
				E129511924917E1F008E8B05 /* PushButton.swift */,
				E129511A24917E1F008E8B05 /* Settings.swift */,
				E129511B24917E1F008E8B05 /* CGFloat+Extensions.swift */,
			);
			path = Utils;
			sourceTree = "<group>";
		};
		E129511F24917E3A008E8B05 /* Fonts */ = {
			isa = PBXGroup;
			children = (
				E129512124917E3A008E8B05 /* Context Rounded Black SSi Black.ttf */,
			);
			path = Fonts;
			sourceTree = "<group>";
		};
		E129512424918834008E8B05 /* spinnerWheel */ = {
			isa = PBXGroup;
			children = (
				E129511F24917E3A008E8B05 /* Fonts */,
				E129511824917E1F008E8B05 /* Utils */,
				E129511524917E02008E8B05 /* Scenes */,
				E129510A24917DF2008E8B05 /* Sounds */,
			);
			path = spinnerWheel;
			sourceTree = "<group>";
		};
		E1EF1D2B2494E6F800CBEB0E /* View */ = {
			isa = PBXGroup;
			children = (
				EB9E9FAD2496482100B45C26 /* StartScreen.storyboard */,
				E129506924910FAE008E8B05 /* GameScene.sks */,
				E129507124910FAE008E8B05 /* Main.storyboard */,
				E1EF1D282494E4E200CBEB0E /* PlayerViewController.xib */,
				E1EF1D1E2494D3F800CBEB0E /* ShopViewController.xib */,
				E1EF1D2D2494E72700CBEB0E /* Collection Cell */,
				E1EF1D2C2494E71400CBEB0E /* Table Cell */,
				EB1E7D2D2497E2CC00EC0B05 /* FinishScreenStoryboard.storyboard */,
			);
			path = View;
			sourceTree = "<group>";
		};
		E1EF1D2C2494E71400CBEB0E /* Table Cell */ = {
			isa = PBXGroup;
			children = (
				E1EF1D242494DAE600CBEB0E /* InsuranceTableViewCell.xib */,
			);
			path = "Table Cell";
			sourceTree = "<group>";
		};
		E1EF1D2D2494E72700CBEB0E /* Collection Cell */ = {
			isa = PBXGroup;
			children = (
				E1EF1D1A2494C18100CBEB0E /* CollectionViewCell.xib */,
			);
			path = "Collection Cell";
			sourceTree = "<group>";
		};
		E1EF1D2E2494E74200CBEB0E /* Controller */ = {
			isa = PBXGroup;
			children = (
				E129506F24910FAE008E8B05 /* GameViewController.swift */,
				EB9E9FA82496480200B45C26 /* AddPlayerTableViewCell.swift */,
				EB9E9FA92496480200B45C26 /* AddPlayerViewController.swift */,
				EB9E9FA72496480200B45C26 /* StartScreenViewController.swift */,
				E1EF1D272494E4E200CBEB0E /* PlayerViewController.swift */,
				E1EF1D232494DAE600CBEB0E /* InsuranceTableViewCell.swift */,
				E1EF1D1D2494D3F800CBEB0E /* ShopViewController.swift */,
				E1EF1D192494C18100CBEB0E /* CollectionViewCell.swift */,
				EB1E7D2B2497D38C00EC0B05 /* FinishViewController.swift */,
				EB1E7D2F2497F6CA00EC0B05 /* FinishTableViewCell.swift */,
			);
			path = Controller;
			sourceTree = "<group>";
		};
		E1EF1D2F2494E76900CBEB0E /* Model */ = {
			isa = PBXGroup;
			children = (
				EB1E7D2924978E4600EC0B05 /* Job.swift */,
				E1EF1D212494D8DB00CBEB0E /* Insurance.swift */,
				E1EF1D302494F70500CBEB0E /* player.swift */,
			);
			path = Model;
			sourceTree = "<group>";
		};
/* End PBXGroup section */

/* Begin PBXNativeTarget section */
		E129506324910FAE008E8B05 /* gameOfLife2d */ = {
			isa = PBXNativeTarget;
			buildConfigurationList = E129507C24910FB0008E8B05 /* Build configuration list for PBXNativeTarget "gameOfLife2d" */;
			buildPhases = (
				E129506024910FAE008E8B05 /* Sources */,
				E129506124910FAE008E8B05 /* Frameworks */,
				E129506224910FAE008E8B05 /* Resources */,
			);
			buildRules = (
			);
			dependencies = (
			);
			name = gameOfLife2d;
			productName = gameOfLife2d;
			productReference = E129506424910FAE008E8B05 /* gameOfLife2d.app */;
			productType = "com.apple.product-type.application";
		};
/* End PBXNativeTarget section */

/* Begin PBXProject section */
		E129505C24910FAE008E8B05 /* Project object */ = {
			isa = PBXProject;
			attributes = {
				LastSwiftUpdateCheck = 1150;
				LastUpgradeCheck = 1150;
				ORGANIZATIONNAME = "danny santoso";
				TargetAttributes = {
					E129506324910FAE008E8B05 = {
						CreatedOnToolsVersion = 11.5;
					};
				};
			};
			buildConfigurationList = E129505F24910FAE008E8B05 /* Build configuration list for PBXProject "gameOfLife2d" */;
			compatibilityVersion = "Xcode 9.3";
			developmentRegion = en;
			hasScannedForEncodings = 0;
			knownRegions = (
				en,
				Base,
			);
			mainGroup = E129505B24910FAE008E8B05;
			productRefGroup = E129506524910FAE008E8B05 /* Products */;
			projectDirPath = "";
			projectRoot = "";
			targets = (
				E129506324910FAE008E8B05 /* gameOfLife2d */,
			);
		};
/* End PBXProject section */

/* Begin PBXResourcesBuildPhase section */
		E129506224910FAE008E8B05 /* Resources */ = {
			isa = PBXResourcesBuildPhase;
			buildActionMask = 2147483647;
			files = (
				E1EF1D202494D3F800CBEB0E /* ShopViewController.xib in Resources */,
				E1EF1D2A2494E4E200CBEB0E /* PlayerViewController.xib in Resources */,
				E129507324910FAE008E8B05 /* Main.storyboard in Resources */,
				E129511424917DF2008E8B05 /* error.aac in Resources */,
				E1EF1D1C2494C18100CBEB0E /* CollectionViewCell.xib in Resources */,
				E129512324917E3A008E8B05 /* Context Rounded Black SSi Black.ttf in Resources */,
				E129506A24910FAE008E8B05 /* GameScene.sks in Resources */,
				E129511224917DF2008E8B05 /* woosh.aac in Resources */,
				E1EF1D262494DAE600CBEB0E /* InsuranceTableViewCell.xib in Resources */,
				EB1E7D2E2497E2CC00EC0B05 /* FinishScreenStoryboard.storyboard in Resources */,
				E129507524910FB0008E8B05 /* Assets.xcassets in Resources */,
				E129507824910FB0008E8B05 /* LaunchScreen.storyboard in Resources */,
				EB9E9FAE2496482100B45C26 /* StartScreen.storyboard in Resources */,
				E129511324917DF2008E8B05 /* bubble_pop.aac in Resources */,
				E129511124917DF2008E8B05 /* victory.aac in Resources */,
			);
			runOnlyForDeploymentPostprocessing = 0;
		};
/* End PBXResourcesBuildPhase section */

/* Begin PBXSourcesBuildPhase section */
		E129506024910FAE008E8B05 /* Sources */ = {
			isa = PBXSourcesBuildPhase;
			buildActionMask = 2147483647;
			files = (
				E129506E24910FAE008E8B05 /* GameScene.swift in Sources */,
				EB1E7D302497F6CA00EC0B05 /* FinishTableViewCell.swift in Sources */,
				E129507024910FAE008E8B05 /* GameViewController.swift in Sources */,
				E1EF1D1F2494D3F800CBEB0E /* ShopViewController.swift in Sources */,
				E1EF1D1B2494C18100CBEB0E /* CollectionViewCell.swift in Sources */,
				E129506824910FAE008E8B05 /* AppDelegate.swift in Sources */,
				E129511724917E02008E8B05 /* SpinWheel.swift in Sources */,
				E129511D24917E1F008E8B05 /* Settings.swift in Sources */,
				EB9E9FAA2496480200B45C26 /* StartScreenViewController.swift in Sources */,
				E1EF1D292494E4E200CBEB0E /* PlayerViewController.swift in Sources */,
				E1EF1D222494D8DB00CBEB0E /* Insurance.swift in Sources */,
				E129511E24917E1F008E8B05 /* CGFloat+Extensions.swift in Sources */,
				EB1E7D2C2497D38C00EC0B05 /* FinishViewController.swift in Sources */,
				E1EF1D312494F70500CBEB0E /* player.swift in Sources */,
				E1EF1D252494DAE600CBEB0E /* InsuranceTableViewCell.swift in Sources */,
				EB9E9FAC2496480200B45C26 /* AddPlayerViewController.swift in Sources */,
				EB1E7D2A24978E4600EC0B05 /* Job.swift in Sources */,
				EB9E9FAB2496480200B45C26 /* AddPlayerTableViewCell.swift in Sources */,
				E129511C24917E1F008E8B05 /* PushButton.swift in Sources */,
			);
			runOnlyForDeploymentPostprocessing = 0;
		};
/* End PBXSourcesBuildPhase section */

/* Begin PBXVariantGroup section */
		E129507124910FAE008E8B05 /* Main.storyboard */ = {
			isa = PBXVariantGroup;
			children = (
				E129507224910FAE008E8B05 /* Base */,
			);
			name = Main.storyboard;
			sourceTree = "<group>";
		};
		E129507624910FB0008E8B05 /* LaunchScreen.storyboard */ = {
			isa = PBXVariantGroup;
			children = (
				E129507724910FB0008E8B05 /* Base */,
			);
			name = LaunchScreen.storyboard;
			sourceTree = "<group>";
		};
/* End PBXVariantGroup section */

/* Begin XCBuildConfiguration section */
		E129507A24910FB0008E8B05 /* Debug */ = {
			isa = XCBuildConfiguration;
			buildSettings = {
				ALWAYS_SEARCH_USER_PATHS = NO;
				CLANG_ANALYZER_NONNULL = YES;
				CLANG_ANALYZER_NUMBER_OBJECT_CONVERSION = YES_AGGRESSIVE;
				CLANG_CXX_LANGUAGE_STANDARD = "gnu++14";
				CLANG_CXX_LIBRARY = "libc++";
				CLANG_ENABLE_MODULES = YES;
				CLANG_ENABLE_OBJC_ARC = YES;
				CLANG_ENABLE_OBJC_WEAK = YES;
				CLANG_WARN_BLOCK_CAPTURE_AUTORELEASING = YES;
				CLANG_WARN_BOOL_CONVERSION = YES;
				CLANG_WARN_COMMA = YES;
				CLANG_WARN_CONSTANT_CONVERSION = YES;
				CLANG_WARN_DEPRECATED_OBJC_IMPLEMENTATIONS = YES;
				CLANG_WARN_DIRECT_OBJC_ISA_USAGE = YES_ERROR;
				CLANG_WARN_DOCUMENTATION_COMMENTS = YES;
				CLANG_WARN_EMPTY_BODY = YES;
				CLANG_WARN_ENUM_CONVERSION = YES;
				CLANG_WARN_INFINITE_RECURSION = YES;
				CLANG_WARN_INT_CONVERSION = YES;
				CLANG_WARN_NON_LITERAL_NULL_CONVERSION = YES;
				CLANG_WARN_OBJC_IMPLICIT_RETAIN_SELF = YES;
				CLANG_WARN_OBJC_LITERAL_CONVERSION = YES;
				CLANG_WARN_OBJC_ROOT_CLASS = YES_ERROR;
				CLANG_WARN_RANGE_LOOP_ANALYSIS = YES;
				CLANG_WARN_STRICT_PROTOTYPES = YES;
				CLANG_WARN_SUSPICIOUS_MOVE = YES;
				CLANG_WARN_UNGUARDED_AVAILABILITY = YES_AGGRESSIVE;
				CLANG_WARN_UNREACHABLE_CODE = YES;
				CLANG_WARN__DUPLICATE_METHOD_MATCH = YES;
				COPY_PHASE_STRIP = NO;
				DEBUG_INFORMATION_FORMAT = dwarf;
				ENABLE_STRICT_OBJC_MSGSEND = YES;
				ENABLE_TESTABILITY = YES;
				GCC_C_LANGUAGE_STANDARD = gnu11;
				GCC_DYNAMIC_NO_PIC = NO;
				GCC_NO_COMMON_BLOCKS = YES;
				GCC_OPTIMIZATION_LEVEL = 0;
				GCC_PREPROCESSOR_DEFINITIONS = (
					"DEBUG=1",
					"$(inherited)",
				);
				GCC_WARN_64_TO_32_BIT_CONVERSION = YES;
				GCC_WARN_ABOUT_RETURN_TYPE = YES_ERROR;
				GCC_WARN_UNDECLARED_SELECTOR = YES;
				GCC_WARN_UNINITIALIZED_AUTOS = YES_AGGRESSIVE;
				GCC_WARN_UNUSED_FUNCTION = YES;
				GCC_WARN_UNUSED_VARIABLE = YES;
				IPHONEOS_DEPLOYMENT_TARGET = 13.5;
				MTL_ENABLE_DEBUG_INFO = INCLUDE_SOURCE;
				MTL_FAST_MATH = YES;
				ONLY_ACTIVE_ARCH = YES;
				SDKROOT = iphoneos;
				SWIFT_ACTIVE_COMPILATION_CONDITIONS = DEBUG;
				SWIFT_OPTIMIZATION_LEVEL = "-Onone";
			};
			name = Debug;
		};
		E129507B24910FB0008E8B05 /* Release */ = {
			isa = XCBuildConfiguration;
			buildSettings = {
				ALWAYS_SEARCH_USER_PATHS = NO;
				CLANG_ANALYZER_NONNULL = YES;
				CLANG_ANALYZER_NUMBER_OBJECT_CONVERSION = YES_AGGRESSIVE;
				CLANG_CXX_LANGUAGE_STANDARD = "gnu++14";
				CLANG_CXX_LIBRARY = "libc++";
				CLANG_ENABLE_MODULES = YES;
				CLANG_ENABLE_OBJC_ARC = YES;
				CLANG_ENABLE_OBJC_WEAK = YES;
				CLANG_WARN_BLOCK_CAPTURE_AUTORELEASING = YES;
				CLANG_WARN_BOOL_CONVERSION = YES;
				CLANG_WARN_COMMA = YES;
				CLANG_WARN_CONSTANT_CONVERSION = YES;
				CLANG_WARN_DEPRECATED_OBJC_IMPLEMENTATIONS = YES;
				CLANG_WARN_DIRECT_OBJC_ISA_USAGE = YES_ERROR;
				CLANG_WARN_DOCUMENTATION_COMMENTS = YES;
				CLANG_WARN_EMPTY_BODY = YES;
				CLANG_WARN_ENUM_CONVERSION = YES;
				CLANG_WARN_INFINITE_RECURSION = YES;
				CLANG_WARN_INT_CONVERSION = YES;
				CLANG_WARN_NON_LITERAL_NULL_CONVERSION = YES;
				CLANG_WARN_OBJC_IMPLICIT_RETAIN_SELF = YES;
				CLANG_WARN_OBJC_LITERAL_CONVERSION = YES;
				CLANG_WARN_OBJC_ROOT_CLASS = YES_ERROR;
				CLANG_WARN_RANGE_LOOP_ANALYSIS = YES;
				CLANG_WARN_STRICT_PROTOTYPES = YES;
				CLANG_WARN_SUSPICIOUS_MOVE = YES;
				CLANG_WARN_UNGUARDED_AVAILABILITY = YES_AGGRESSIVE;
				CLANG_WARN_UNREACHABLE_CODE = YES;
				CLANG_WARN__DUPLICATE_METHOD_MATCH = YES;
				COPY_PHASE_STRIP = NO;
				DEBUG_INFORMATION_FORMAT = "dwarf-with-dsym";
				ENABLE_NS_ASSERTIONS = NO;
				ENABLE_STRICT_OBJC_MSGSEND = YES;
				GCC_C_LANGUAGE_STANDARD = gnu11;
				GCC_NO_COMMON_BLOCKS = YES;
				GCC_WARN_64_TO_32_BIT_CONVERSION = YES;
				GCC_WARN_ABOUT_RETURN_TYPE = YES_ERROR;
				GCC_WARN_UNDECLARED_SELECTOR = YES;
				GCC_WARN_UNINITIALIZED_AUTOS = YES_AGGRESSIVE;
				GCC_WARN_UNUSED_FUNCTION = YES;
				GCC_WARN_UNUSED_VARIABLE = YES;
				IPHONEOS_DEPLOYMENT_TARGET = 13.5;
				MTL_ENABLE_DEBUG_INFO = NO;
				MTL_FAST_MATH = YES;
				SDKROOT = iphoneos;
				SWIFT_COMPILATION_MODE = wholemodule;
				SWIFT_OPTIMIZATION_LEVEL = "-O";
				VALIDATE_PRODUCT = YES;
			};
			name = Release;
		};
		E129507D24910FB0008E8B05 /* Debug */ = {
			isa = XCBuildConfiguration;
			buildSettings = {
				ASSETCATALOG_COMPILER_APPICON_NAME = AppIcon;
				CODE_SIGN_STYLE = Automatic;
				DEVELOPMENT_TEAM = 9P78Q47KY2;
				INFOPLIST_FILE = gameOfLife2d/Info.plist;
				LD_RUNPATH_SEARCH_PATHS = (
					"$(inherited)",
					"@executable_path/Frameworks",
				);
				PRODUCT_BUNDLE_IDENTIFIER = com.dannysantoso.gameOfLife2d;
				PRODUCT_NAME = "$(TARGET_NAME)";
				SWIFT_VERSION = 5.0;
				TARGETED_DEVICE_FAMILY = "1,2";
			};
			name = Debug;
		};
		E129507E24910FB0008E8B05 /* Release */ = {
			isa = XCBuildConfiguration;
			buildSettings = {
				ASSETCATALOG_COMPILER_APPICON_NAME = AppIcon;
				CODE_SIGN_STYLE = Automatic;
				DEVELOPMENT_TEAM = 9P78Q47KY2;
				INFOPLIST_FILE = gameOfLife2d/Info.plist;
				LD_RUNPATH_SEARCH_PATHS = (
					"$(inherited)",
					"@executable_path/Frameworks",
				);
				PRODUCT_BUNDLE_IDENTIFIER = com.dannysantoso.gameOfLife2d;
				PRODUCT_NAME = "$(TARGET_NAME)";
				SWIFT_VERSION = 5.0;
				TARGETED_DEVICE_FAMILY = "1,2";
			};
			name = Release;
		};
/* End XCBuildConfiguration section */

/* Begin XCConfigurationList section */
		E129505F24910FAE008E8B05 /* Build configuration list for PBXProject "gameOfLife2d" */ = {
			isa = XCConfigurationList;
			buildConfigurations = (
				E129507A24910FB0008E8B05 /* Debug */,
				E129507B24910FB0008E8B05 /* Release */,
			);
			defaultConfigurationIsVisible = 0;
			defaultConfigurationName = Release;
		};
		E129507C24910FB0008E8B05 /* Build configuration list for PBXNativeTarget "gameOfLife2d" */ = {
			isa = XCConfigurationList;
			buildConfigurations = (
				E129507D24910FB0008E8B05 /* Debug */,
				E129507E24910FB0008E8B05 /* Release */,
			);
			defaultConfigurationIsVisible = 0;
			defaultConfigurationName = Release;
		};
/* End XCConfigurationList section */
	};
	rootObject = E129505C24910FAE008E8B05 /* Project object */;
}
